[{<<"erlcloud">>,
  {git,"https://github.com/gleber/erlcloud.git",
       {ref,"0f9a75029194244b4a9085b7c3402dbdf68b397f"}},
  0},
 {<<"jsx">>,
  {git,"git://github.com/talentdeficit/jsx.git",
       {ref,"3074d4865b3385a050badf7828ad31490d860df5"}},
  1},
 {<<"lhttpc">>,
  {git,"git://github.com/talko/lhttpc",
       {ref,"2d01a5f9c7543b77bdd57f44c92e72801f46e423"}},
  1},
 {<<"meck">>,
  {git,"https://github.com/eproxus/meck.git",
       {ref,"0845277398b8326f9dddddd9fc3cf73467ba6877"}},
  1}].
